
Microsoft Visual Studio Solution File, Format Version 12.00
# Visual Studio Version 16
VisualStudioVersion = 16.0.29613.14
MinimumVisualStudioVersion = 10.0.40219.1
Project("{888888A0-9F3D-457C-B088-3A5042F75D52}") = "SnakeGame", "SnakeGame\SnakeGame.pyproj", "{D694CB76-8ABC-47A7-9C9A-91640CB8902C}"
EndProject
Global
	GlobalSection(SolutionConfigurationPlatforms) = preSolution
		Debug|Any CPU = Debug|Any CPU
		Release|Any CPU = Release|Any CPU
	EndGlobalSection
	GlobalSection(ProjectConfigurationPlatforms) = postSolution
		{D694CB76-8ABC-47A7-9C9A-91640CB8902C}.Debug|Any CPU.ActiveCfg = Debug|Any CPU
		{D694CB76-8ABC-47A7-9C9A-91640CB8902C}.Release|Any CPU.ActiveCfg = Release|Any CPU
	EndGlobalSection
	GlobalSection(SolutionProperties) = preSolution
		HideSolutionNode = FALSE
	EndGlobalSection
	GlobalSection(ExtensibilityGlobals) = postSolution
		SolutionGuid = {5948A8CD-BDF7-4EAD-AE6C-A34A3BB18B7E}
	EndGlobalSection
EndGlobal
